
Microsoft Visual Studio Solution File, Format Version 12.00
# Visual Studio Version 17
VisualStudioVersion = 17.3.32929.385
MinimumVisualStudioVersion = 10.0.40219.1
Project("{FAE04EC0-301F-11D3-BF4B-00C04F79EFBC}") = "WPF_PR16_clothes _Palashicheva", "WPF_PR16_clothes _Palashicheva.csproj", "{8265048E-8B16-4166-840C-D9C09190FADB}"
EndProject
Global
	GlobalSection(SolutionConfigurationPlatforms) = preSolution
		Debug|Any CPU = Debug|Any CPU
		Release|Any CPU = Release|Any CPU
	EndGlobalSection
	GlobalSection(ProjectConfigurationPlatforms) = postSolution
		{8265048E-8B16-4166-840C-D9C09190FADB}.Debug|Any CPU.ActiveCfg = Debug|Any CPU
		{8265048E-8B16-4166-840C-D9C09190FADB}.Debug|Any CPU.Build.0 = Debug|Any CPU
		{8265048E-8B16-4166-840C-D9C09190FADB}.Release|Any CPU.ActiveCfg = Release|Any CPU
		{8265048E-8B16-4166-840C-D9C09190FADB}.Release|Any CPU.Build.0 = Release|Any CPU
	EndGlobalSection
	GlobalSection(SolutionProperties) = preSolution
		HideSolutionNode = FALSE
	EndGlobalSection
	GlobalSection(ExtensibilityGlobals) = postSolution
		SolutionGuid = {E0E37E49-02C7-43DC-B46D-9B508E537CA8}
	EndGlobalSection
EndGlobal
